
Microsoft Visual Studio Solution File, Format Version 12.00
# Visual Studio Version 16
VisualStudioVersion = 16.0.29806.167
MinimumVisualStudioVersion = 10.0.40219.1
Project("{9A19103F-16F7-4668-BE54-9A1E7A4F7556}") = "Grudinsky_task2", "EFDataApp\Grudinsky_task2.csproj", "{68A94342-A921-427F-A582-AC3F2CAF7776}"
EndProject
Project("{2150E333-8FDC-42A3-9474-1A3956D46DE8}") = "Solution Items", "Solution Items", "{44CC20CB-D3CF-445A-AEFC-8F5DECDF7627}"
	ProjectSection(SolutionItems) = preProject
		.editorconfig = .editorconfig
	EndProjectSection
EndProject
Global
	GlobalSection(SolutionConfigurationPlatforms) = preSolution
		Debug|Any CPU = Debug|Any CPU
		Release|Any CPU = Release|Any CPU
	EndGlobalSection
	GlobalSection(ProjectConfigurationPlatforms) = postSolution
		{68A94342-A921-427F-A582-AC3F2CAF7776}.Debug|Any CPU.ActiveCfg = Debug|Any CPU
		{68A94342-A921-427F-A582-AC3F2CAF7776}.Debug|Any CPU.Build.0 = Debug|Any CPU
		{68A94342-A921-427F-A582-AC3F2CAF7776}.Release|Any CPU.ActiveCfg = Release|Any CPU
		{68A94342-A921-427F-A582-AC3F2CAF7776}.Release|Any CPU.Build.0 = Release|Any CPU
	EndGlobalSection
	GlobalSection(SolutionProperties) = preSolution
		HideSolutionNode = FALSE
	EndGlobalSection
	GlobalSection(ExtensibilityGlobals) = postSolution
		SolutionGuid = {79B454FF-9EAD-4291-8EAD-33962A46738A}
	EndGlobalSection
EndGlobal
